
Microsoft Visual Studio Solution File, Format Version 12.00
# Visual Studio 15
VisualStudioVersion = 15.0.28307.106
MinimumVisualStudioVersion = 10.0.40219.1
Project("{FAE04EC0-301F-11D3-BF4B-00C04F79EFBC}") = "Work", "ConsoleApp1\Work.csproj", "{524E1C9A-555D-476D-847A-8EFDCD81D872}"
EndProject
Global
	GlobalSection(SolutionConfigurationPlatforms) = preSolution
		Debug|Any CPU = Debug|Any CPU
		Release|Any CPU = Release|Any CPU
	EndGlobalSection
	GlobalSection(ProjectConfigurationPlatforms) = postSolution
		{524E1C9A-555D-476D-847A-8EFDCD81D872}.Debug|Any CPU.ActiveCfg = Debug|Any CPU
		{524E1C9A-555D-476D-847A-8EFDCD81D872}.Debug|Any CPU.Build.0 = Debug|Any CPU
		{524E1C9A-555D-476D-847A-8EFDCD81D872}.Release|Any CPU.ActiveCfg = Release|Any CPU
		{524E1C9A-555D-476D-847A-8EFDCD81D872}.Release|Any CPU.Build.0 = Release|Any CPU
	EndGlobalSection
	GlobalSection(SolutionProperties) = preSolution
		HideSolutionNode = FALSE
	EndGlobalSection
	GlobalSection(ExtensibilityGlobals) = postSolution
		SolutionGuid = {7715F20D-55D5-4AF0-A776-6048C32B0481}
	EndGlobalSection
EndGlobal
